// !$*UTF8*$!
{
	archiveVersion = 1;
	classes = {
	};
	objectVersion = 46;
	objects = {

/* Begin PBXBuildFile section */
		CC541C013C8039A1D40FAFAE /* libPods.a in Frameworks */ = {isa = PBXBuildFile; fileRef = E99E96CC16737CD170F57EB5 /* libPods.a */; };
		D3E236D01CC9B894004D85A4 /* CZCycleCollectionViewController.m in Sources */ = {isa = PBXBuildFile; fileRef = D3E236CF1CC9B894004D85A4 /* CZCycleCollectionViewController.m */; };
		D3E236D31CC9B8C6004D85A4 /* CZCycles.m in Sources */ = {isa = PBXBuildFile; fileRef = D3E236D21CC9B8C6004D85A4 /* CZCycles.m */; };
		D3E236D61CC9BEE5004D85A4 /* CZCycleCollectionViewCell.m in Sources */ = {isa = PBXBuildFile; fileRef = D3E236D51CC9BEE5004D85A4 /* CZCycleCollectionViewCell.m */; };
		D3FCED921CC86F7500C9FC82 /* main.m in Sources */ = {isa = PBXBuildFile; fileRef = D3FCED911CC86F7500C9FC82 /* main.m */; };
		D3FCED951CC86F7500C9FC82 /* AppDelegate.m in Sources */ = {isa = PBXBuildFile; fileRef = D3FCED941CC86F7500C9FC82 /* AppDelegate.m */; };
		D3FCED9B1CC86F7500C9FC82 /* Main.storyboard in Resources */ = {isa = PBXBuildFile; fileRef = D3FCED991CC86F7500C9FC82 /* Main.storyboard */; };
		D3FCED9D1CC86F7500C9FC82 /* Assets.xcassets in Resources */ = {isa = PBXBuildFile; fileRef = D3FCED9C1CC86F7500C9FC82 /* Assets.xcassets */; };
		D3FCEDA01CC86F7500C9FC82 /* LaunchScreen.storyboard in Resources */ = {isa = PBXBuildFile; fileRef = D3FCED9E1CC86F7500C9FC82 /* LaunchScreen.storyboard */; };
		D3FCEDAE1CC8706000C9FC82 /* CZHomeViewContrller.m in Sources */ = {isa = PBXBuildFile; fileRef = D3FCEDAD1CC8706000C9FC82 /* CZHomeViewContrller.m */; };
		D3FCEDB01CC8723B00C9FC82 /* topic_news.json in Resources */ = {isa = PBXBuildFile; fileRef = D3FCEDAF1CC8723B00C9FC82 /* topic_news.json */; };
		D3FCEDB61CC8737C00C9FC82 /* CZChannelModle.m in Sources */ = {isa = PBXBuildFile; fileRef = D3FCEDB51CC8737C00C9FC82 /* CZChannelModle.m */; };
		D3FCEDBA1CC8775600C9FC82 /* NSArray+Log.m in Sources */ = {isa = PBXBuildFile; fileRef = D3FCEDB91CC8775600C9FC82 /* NSArray+Log.m */; };
		D3FCEDBD1CC87BD100C9FC82 /* CZChannelLabel.m in Sources */ = {isa = PBXBuildFile; fileRef = D3FCEDBC1CC87BD100C9FC82 /* CZChannelLabel.m */; };
		D3FCEDC11CC87C9E00C9FC82 /* UIView+Frame.m in Sources */ = {isa = PBXBuildFile; fileRef = D3FCEDC01CC87C9E00C9FC82 /* UIView+Frame.m */; };
		D3FCEDC41CC881E700C9FC82 /* CZContentCell.m in Sources */ = {isa = PBXBuildFile; fileRef = D3FCEDC31CC881E700C9FC82 /* CZContentCell.m */; };
		D3FCEDCA1CC8AEE300C9FC82 /* News.storyboard in Resources */ = {isa = PBXBuildFile; fileRef = D3FCEDC91CC8AEE300C9FC82 /* News.storyboard */; };
		D3FCEDCD1CC8AF1500C9FC82 /* CZNewsTableViewController.m in Sources */ = {isa = PBXBuildFile; fileRef = D3FCEDCC1CC8AF1500C9FC82 /* CZNewsTableViewController.m */; };
		D3FCEDD01CC8B4F600C9FC82 /* CZNews.m in Sources */ = {isa = PBXBuildFile; fileRef = D3FCEDCF1CC8B4F600C9FC82 /* CZNews.m */; };
		D3FCEDD41CC8BB8000C9FC82 /* CZNetWorkTool.m in Sources */ = {isa = PBXBuildFile; fileRef = D3FCEDD31CC8BB8000C9FC82 /* CZNetWorkTool.m */; };
		D3FCEDD71CC8C4AC00C9FC82 /* CZNewsCell.m in Sources */ = {isa = PBXBuildFile; fileRef = D3FCEDD61CC8C4AC00C9FC82 /* CZNewsCell.m */; };
/* End PBXBuildFile section */

/* Begin PBXFileReference section */
		32EA31A863AD909298D42A70 /* Pods.debug.xcconfig */ = {isa = PBXFileReference; includeInIndex = 1; lastKnownFileType = text.xcconfig; name = Pods.debug.xcconfig; path = "Pods/Target Support Files/Pods/Pods.debug.xcconfig"; sourceTree = "<group>"; };
		CF0BC4ACDBA482EAE318756F /* Pods.release.xcconfig */ = {isa = PBXFileReference; includeInIndex = 1; lastKnownFileType = text.xcconfig; name = Pods.release.xcconfig; path = "Pods/Target Support Files/Pods/Pods.release.xcconfig"; sourceTree = "<group>"; };
		D3E236CE1CC9B894004D85A4 /* CZCycleCollectionViewController.h */ = {isa = PBXFileReference; fileEncoding = 4; lastKnownFileType = sourcecode.c.h; path = CZCycleCollectionViewController.h; sourceTree = "<group>"; };
		D3E236CF1CC9B894004D85A4 /* CZCycleCollectionViewController.m */ = {isa = PBXFileReference; fileEncoding = 4; lastKnownFileType = sourcecode.c.objc; path = CZCycleCollectionViewController.m; sourceTree = "<group>"; };
		D3E236D11CC9B8C6004D85A4 /* CZCycles.h */ = {isa = PBXFileReference; fileEncoding = 4; lastKnownFileType = sourcecode.c.h; path = CZCycles.h; sourceTree = "<group>"; };
		D3E236D21CC9B8C6004D85A4 /* CZCycles.m */ = {isa = PBXFileReference; fileEncoding = 4; lastKnownFileType = sourcecode.c.objc; path = CZCycles.m; sourceTree = "<group>"; };
		D3E236D41CC9BEE5004D85A4 /* CZCycleCollectionViewCell.h */ = {isa = PBXFileReference; fileEncoding = 4; lastKnownFileType = sourcecode.c.h; path = CZCycleCollectionViewCell.h; sourceTree = "<group>"; };
		D3E236D51CC9BEE5004D85A4 /* CZCycleCollectionViewCell.m */ = {isa = PBXFileReference; fileEncoding = 4; lastKnownFileType = sourcecode.c.objc; path = CZCycleCollectionViewCell.m; sourceTree = "<group>"; };
		D3FCED8D1CC86F7500C9FC82 /* 网易新闻.app */ = {isa = PBXFileReference; explicitFileType = wrapper.application; includeInIndex = 0; path = "网易新闻.app"; sourceTree = BUILT_PRODUCTS_DIR; };
		D3FCED911CC86F7500C9FC82 /* main.m */ = {isa = PBXFileReference; lastKnownFileType = sourcecode.c.objc; path = main.m; sourceTree = "<group>"; };
		D3FCED931CC86F7500C9FC82 /* AppDelegate.h */ = {isa = PBXFileReference; lastKnownFileType = sourcecode.c.h; path = AppDelegate.h; sourceTree = "<group>"; };
		D3FCED941CC86F7500C9FC82 /* AppDelegate.m */ = {isa = PBXFileReference; lastKnownFileType = sourcecode.c.objc; path = AppDelegate.m; sourceTree = "<group>"; };
		D3FCED9A1CC86F7500C9FC82 /* Base */ = {isa = PBXFileReference; lastKnownFileType = file.storyboard; name = Base; path = Base.lproj/Main.storyboard; sourceTree = "<group>"; };
		D3FCED9C1CC86F7500C9FC82 /* Assets.xcassets */ = {isa = PBXFileReference; lastKnownFileType = folder.assetcatalog; path = Assets.xcassets; sourceTree = "<group>"; };
		D3FCED9F1CC86F7500C9FC82 /* Base */ = {isa = PBXFileReference; lastKnownFileType = file.storyboard; name = Base; path = Base.lproj/LaunchScreen.storyboard; sourceTree = "<group>"; };
		D3FCEDA11CC86F7500C9FC82 /* Info.plist */ = {isa = PBXFileReference; lastKnownFileType = text.plist.xml; path = Info.plist; sourceTree = "<group>"; };
		D3FCEDAC1CC8706000C9FC82 /* CZHomeViewContrller.h */ = {isa = PBXFileReference; fileEncoding = 4; lastKnownFileType = sourcecode.c.h; path = CZHomeViewContrller.h; sourceTree = "<group>"; };
		D3FCEDAD1CC8706000C9FC82 /* CZHomeViewContrller.m */ = {isa = PBXFileReference; fileEncoding = 4; lastKnownFileType = sourcecode.c.objc; path = CZHomeViewContrller.m; sourceTree = "<group>"; };
		D3FCEDAF1CC8723B00C9FC82 /* topic_news.json */ = {isa = PBXFileReference; fileEncoding = 4; lastKnownFileType = text.json; path = topic_news.json; sourceTree = "<group>"; };
		D3FCEDB41CC8737C00C9FC82 /* CZChannelModle.h */ = {isa = PBXFileReference; fileEncoding = 4; lastKnownFileType = sourcecode.c.h; path = CZChannelModle.h; sourceTree = "<group>"; };
		D3FCEDB51CC8737C00C9FC82 /* CZChannelModle.m */ = {isa = PBXFileReference; fileEncoding = 4; lastKnownFileType = sourcecode.c.objc; path = CZChannelModle.m; sourceTree = "<group>"; };
		D3FCEDB81CC8775600C9FC82 /* NSArray+Log.h */ = {isa = PBXFileReference; fileEncoding = 4; lastKnownFileType = sourcecode.c.h; path = "NSArray+Log.h"; sourceTree = "<group>"; };
		D3FCEDB91CC8775600C9FC82 /* NSArray+Log.m */ = {isa = PBXFileReference; fileEncoding = 4; lastKnownFileType = sourcecode.c.objc; path = "NSArray+Log.m"; sourceTree = "<group>"; };
		D3FCEDBB1CC87BD100C9FC82 /* CZChannelLabel.h */ = {isa = PBXFileReference; fileEncoding = 4; lastKnownFileType = sourcecode.c.h; path = CZChannelLabel.h; sourceTree = "<group>"; };
		D3FCEDBC1CC87BD100C9FC82 /* CZChannelLabel.m */ = {isa = PBXFileReference; fileEncoding = 4; lastKnownFileType = sourcecode.c.objc; path = CZChannelLabel.m; sourceTree = "<group>"; };
		D3FCEDBF1CC87C9E00C9FC82 /* UIView+Frame.h */ = {isa = PBXFileReference; fileEncoding = 4; lastKnownFileType = sourcecode.c.h; path = "UIView+Frame.h"; sourceTree = "<group>"; };
		D3FCEDC01CC87C9E00C9FC82 /* UIView+Frame.m */ = {isa = PBXFileReference; fileEncoding = 4; lastKnownFileType = sourcecode.c.objc; path = "UIView+Frame.m"; sourceTree = "<group>"; };
		D3FCEDC21CC881E700C9FC82 /* CZContentCell.h */ = {isa = PBXFileReference; fileEncoding = 4; lastKnownFileType = sourcecode.c.h; path = CZContentCell.h; sourceTree = "<group>"; };
		D3FCEDC31CC881E700C9FC82 /* CZContentCell.m */ = {isa = PBXFileReference; fileEncoding = 4; lastKnownFileType = sourcecode.c.objc; path = CZContentCell.m; sourceTree = "<group>"; };
		D3FCEDC91CC8AEE300C9FC82 /* News.storyboard */ = {isa = PBXFileReference; fileEncoding = 4; lastKnownFileType = file.storyboard; name = News.storyboard; path = Cliass/News/VIew/News.storyboard; sourceTree = "<group>"; };
		D3FCEDCB1CC8AF1500C9FC82 /* CZNewsTableViewController.h */ = {isa = PBXFileReference; fileEncoding = 4; lastKnownFileType = sourcecode.c.h; path = CZNewsTableViewController.h; sourceTree = "<group>"; };
		D3FCEDCC1CC8AF1500C9FC82 /* CZNewsTableViewController.m */ = {isa = PBXFileReference; fileEncoding = 4; lastKnownFileType = sourcecode.c.objc; path = CZNewsTableViewController.m; sourceTree = "<group>"; };
		D3FCEDCE1CC8B4F600C9FC82 /* CZNews.h */ = {isa = PBXFileReference; fileEncoding = 4; lastKnownFileType = sourcecode.c.h; path = CZNews.h; sourceTree = "<group>"; };
		D3FCEDCF1CC8B4F600C9FC82 /* CZNews.m */ = {isa = PBXFileReference; fileEncoding = 4; lastKnownFileType = sourcecode.c.objc; path = CZNews.m; sourceTree = "<group>"; };
		D3FCEDD21CC8BB8000C9FC82 /* CZNetWorkTool.h */ = {isa = PBXFileReference; fileEncoding = 4; lastKnownFileType = sourcecode.c.h; path = CZNetWorkTool.h; sourceTree = "<group>"; };
		D3FCEDD31CC8BB8000C9FC82 /* CZNetWorkTool.m */ = {isa = PBXFileReference; fileEncoding = 4; lastKnownFileType = sourcecode.c.objc; path = CZNetWorkTool.m; sourceTree = "<group>"; };
		D3FCEDD51CC8C4AC00C9FC82 /* CZNewsCell.h */ = {isa = PBXFileReference; fileEncoding = 4; lastKnownFileType = sourcecode.c.h; path = CZNewsCell.h; sourceTree = "<group>"; };
		D3FCEDD61CC8C4AC00C9FC82 /* CZNewsCell.m */ = {isa = PBXFileReference; fileEncoding = 4; lastKnownFileType = sourcecode.c.objc; path = CZNewsCell.m; sourceTree = "<group>"; };
		E99E96CC16737CD170F57EB5 /* libPods.a */ = {isa = PBXFileReference; explicitFileType = archive.ar; includeInIndex = 0; path = libPods.a; sourceTree = BUILT_PRODUCTS_DIR; };
/* End PBXFileReference section */

/* Begin PBXFrameworksBuildPhase section */
		D3FCED8A1CC86F7500C9FC82 /* Frameworks */ = {
			isa = PBXFrameworksBuildPhase;
			buildActionMask = 2147483647;
			files = (
				CC541C013C8039A1D40FAFAE /* libPods.a in Frameworks */,
			);
			runOnlyForDeploymentPostprocessing = 0;
		};
/* End PBXFrameworksBuildPhase section */

/* Begin PBXGroup section */
		1D826E9317E964D3A414F98D /* Pods */ = {
			isa = PBXGroup;
			children = (
				32EA31A863AD909298D42A70 /* Pods.debug.xcconfig */,
				CF0BC4ACDBA482EAE318756F /* Pods.release.xcconfig */,
			);
			name = Pods;
			sourceTree = "<group>";
		};
		CCE7B011BA687C3A72169A71 /* Frameworks */ = {
			isa = PBXGroup;
			children = (
				E99E96CC16737CD170F57EB5 /* libPods.a */,
			);
			name = Frameworks;
			sourceTree = "<group>";
		};
		D3E236CA1CC9B87E004D85A4 /* Cycle */ = {
			isa = PBXGroup;
			children = (
				D3E236CB1CC9B87E004D85A4 /* Controller */,
				D3E236CC1CC9B87E004D85A4 /* Model */,
				D3E236CD1CC9B87E004D85A4 /* View */,
			);
			path = Cycle;
			sourceTree = "<group>";
		};
		D3E236CB1CC9B87E004D85A4 /* Controller */ = {
			isa = PBXGroup;
			children = (
				D3E236CE1CC9B894004D85A4 /* CZCycleCollectionViewController.h */,
				D3E236CF1CC9B894004D85A4 /* CZCycleCollectionViewController.m */,
			);
			path = Controller;
			sourceTree = "<group>";
		};
		D3E236CC1CC9B87E004D85A4 /* Model */ = {
			isa = PBXGroup;
			children = (
				D3E236D11CC9B8C6004D85A4 /* CZCycles.h */,
				D3E236D21CC9B8C6004D85A4 /* CZCycles.m */,
			);
			path = Model;
			sourceTree = "<group>";
		};
		D3E236CD1CC9B87E004D85A4 /* View */ = {
			isa = PBXGroup;
			children = (
				D3E236D41CC9BEE5004D85A4 /* CZCycleCollectionViewCell.h */,
				D3E236D51CC9BEE5004D85A4 /* CZCycleCollectionViewCell.m */,
			);
			path = View;
			sourceTree = "<group>";
		};
		D3FCED841CC86F7500C9FC82 = {
			isa = PBXGroup;
			children = (
				D3FCED8F1CC86F7500C9FC82 /* 网易新闻 */,
				D3FCED8E1CC86F7500C9FC82 /* Products */,
				1D826E9317E964D3A414F98D /* Pods */,
				CCE7B011BA687C3A72169A71 /* Frameworks */,
			);
			sourceTree = "<group>";
		};
		D3FCED8E1CC86F7500C9FC82 /* Products */ = {
			isa = PBXGroup;
			children = (
				D3FCED8D1CC86F7500C9FC82 /* 网易新闻.app */,
			);
			name = Products;
			sourceTree = "<group>";
		};
		D3FCED8F1CC86F7500C9FC82 /* 网易新闻 */ = {
			isa = PBXGroup;
			children = (
				D3FCEDA71CC8700000C9FC82 /* Classes */,
				D3FCED931CC86F7500C9FC82 /* AppDelegate.h */,
				D3FCED941CC86F7500C9FC82 /* AppDelegate.m */,
				D3FCED991CC86F7500C9FC82 /* Main.storyboard */,
				D3FCEDC91CC8AEE300C9FC82 /* News.storyboard */,
				D3FCEDAF1CC8723B00C9FC82 /* topic_news.json */,
				D3FCED9C1CC86F7500C9FC82 /* Assets.xcassets */,
				D3FCED9E1CC86F7500C9FC82 /* LaunchScreen.storyboard */,
				D3FCEDA11CC86F7500C9FC82 /* Info.plist */,
				D3FCED901CC86F7500C9FC82 /* Supporting Files */,
			);
			path = "网易新闻";
			sourceTree = "<group>";
		};
		D3FCED901CC86F7500C9FC82 /* Supporting Files */ = {
			isa = PBXGroup;
			children = (
				D3FCED911CC86F7500C9FC82 /* main.m */,
			);
			name = "Supporting Files";
			sourceTree = "<group>";
		};
		D3FCEDA71CC8700000C9FC82 /* Classes */ = {
			isa = PBXGroup;
			children = (
				D3E236CA1CC9B87E004D85A4 /* Cycle */,
				D3FCEDD11CC8BB6400C9FC82 /* NetWorkTool */,
				D3FCEDC51CC8AE8700C9FC82 /* News */,
				D3FCEDBE1CC87C9E00C9FC82 /* Common */,
				D3FCEDB71CC8775600C9FC82 /* Log */,
				D3FCEDB11CC8736300C9FC82 /* Channel */,
				D3FCEDA81CC8700000C9FC82 /* Home */,
			);
			name = Classes;
			path = Cliass;
			sourceTree = "<group>";
		};
		D3FCEDA81CC8700000C9FC82 /* Home */ = {
			isa = PBXGroup;
			children = (
				D3FCEDA91CC8700000C9FC82 /* Controller */,
				D3FCEDAA1CC8700000C9FC82 /* Models */,
				D3FCEDAB1CC8700000C9FC82 /* View */,
			);
			path = Home;
			sourceTree = "<group>";
		};
		D3FCEDA91CC8700000C9FC82 /* Controller */ = {
			isa = PBXGroup;
			children = (
				D3FCEDAC1CC8706000C9FC82 /* CZHomeViewContrller.h */,
				D3FCEDAD1CC8706000C9FC82 /* CZHomeViewContrller.m */,
			);
			path = Controller;
			sourceTree = "<group>";
		};
		D3FCEDAA1CC8700000C9FC82 /* Models */ = {
			isa = PBXGroup;
			children = (
			);
			path = Models;
			sourceTree = "<group>";
		};
		D3FCEDAB1CC8700000C9FC82 /* View */ = {
			isa = PBXGroup;
			children = (
				D3FCEDBB1CC87BD100C9FC82 /* CZChannelLabel.h */,
				D3FCEDBC1CC87BD100C9FC82 /* CZChannelLabel.m */,
				D3FCEDC21CC881E700C9FC82 /* CZContentCell.h */,
				D3FCEDC31CC881E700C9FC82 /* CZContentCell.m */,
			);
			path = View;
			sourceTree = "<group>";
		};
		D3FCEDB11CC8736300C9FC82 /* Channel */ = {
			isa = PBXGroup;
			children = (
				D3FCEDB21CC8736300C9FC82 /* Models */,
				D3FCEDB31CC8736300C9FC82 /* View */,
			);
			path = Channel;
			sourceTree = "<group>";
		};
		D3FCEDB21CC8736300C9FC82 /* Models */ = {
			isa = PBXGroup;
			children = (
				D3FCEDB41CC8737C00C9FC82 /* CZChannelModle.h */,
				D3FCEDB51CC8737C00C9FC82 /* CZChannelModle.m */,
			);
			path = Models;
			sourceTree = "<group>";
		};
		D3FCEDB31CC8736300C9FC82 /* View */ = {
			isa = PBXGroup;
			children = (
			);
			path = View;
			sourceTree = "<group>";
		};
		D3FCEDB71CC8775600C9FC82 /* Log */ = {
			isa = PBXGroup;
			children = (
				D3FCEDB81CC8775600C9FC82 /* NSArray+Log.h */,
				D3FCEDB91CC8775600C9FC82 /* NSArray+Log.m */,
			);
			path = Log;
			sourceTree = "<group>";
		};
		D3FCEDBE1CC87C9E00C9FC82 /* Common */ = {
			isa = PBXGroup;
			children = (
				D3FCEDBF1CC87C9E00C9FC82 /* UIView+Frame.h */,
				D3FCEDC01CC87C9E00C9FC82 /* UIView+Frame.m */,
			);
			path = Common;
			sourceTree = "<group>";
		};
		D3FCEDC51CC8AE8700C9FC82 /* News */ = {
			isa = PBXGroup;
			children = (
				D3FCEDC61CC8AE8700C9FC82 /* Controller */,
				D3FCEDC71CC8AE8700C9FC82 /* Models */,
				D3FCEDC81CC8AE8700C9FC82 /* VIew */,
			);
			path = News;
			sourceTree = "<group>";
		};
		D3FCEDC61CC8AE8700C9FC82 /* Controller */ = {
			isa = PBXGroup;
			children = (
				D3FCEDCB1CC8AF1500C9FC82 /* CZNewsTableViewController.h */,
				D3FCEDCC1CC8AF1500C9FC82 /* CZNewsTableViewController.m */,
			);
			path = Controller;
			sourceTree = "<group>";
		};
		D3FCEDC71CC8AE8700C9FC82 /* Models */ = {
			isa = PBXGroup;
			children = (
				D3FCEDCE1CC8B4F600C9FC82 /* CZNews.h */,
				D3FCEDCF1CC8B4F600C9FC82 /* CZNews.m */,
			);
			path = Models;
			sourceTree = "<group>";
		};
		D3FCEDC81CC8AE8700C9FC82 /* VIew */ = {
			isa = PBXGroup;
			children = (
				D3FCEDD51CC8C4AC00C9FC82 /* CZNewsCell.h */,
				D3FCEDD61CC8C4AC00C9FC82 /* CZNewsCell.m */,
			);
			path = VIew;
			sourceTree = "<group>";
		};
		D3FCEDD11CC8BB6400C9FC82 /* NetWorkTool */ = {
			isa = PBXGroup;
			children = (
				D3FCEDD21CC8BB8000C9FC82 /* CZNetWorkTool.h */,
				D3FCEDD31CC8BB8000C9FC82 /* CZNetWorkTool.m */,
			);
			path = NetWorkTool;
			sourceTree = "<group>";
		};
/* End PBXGroup section */

/* Begin PBXNativeTarget section */
		D3FCED8C1CC86F7500C9FC82 /* 网易新闻 */ = {
			isa = PBXNativeTarget;
			buildConfigurationList = D3FCEDA41CC86F7500C9FC82 /* Build configuration list for PBXNativeTarget "网易新闻" */;
			buildPhases = (
				5D27366FE34E06D434B8C2D3 /* Check Pods Manifest.lock */,
				D3FCED891CC86F7500C9FC82 /* Sources */,
				D3FCED8A1CC86F7500C9FC82 /* Frameworks */,
				D3FCED8B1CC86F7500C9FC82 /* Resources */,
				6BD6F5F522A1E2A88E5C7252 /* Embed Pods Frameworks */,
				EB710626180142D5C5766ED8 /* Copy Pods Resources */,
			);
			buildRules = (
			);
			dependencies = (
			);
			name = "网易新闻";
			productName = "网易新闻";
			productReference = D3FCED8D1CC86F7500C9FC82 /* 网易新闻.app */;
			productType = "com.apple.product-type.application";
		};
/* End PBXNativeTarget section */

/* Begin PBXProject section */
		D3FCED851CC86F7500C9FC82 /* Project object */ = {
			isa = PBXProject;
			attributes = {
				CLASSPREFIX = CZ;
				LastUpgradeCheck = 0730;
				ORGANIZATIONNAME = itcast;
				TargetAttributes = {
					D3FCED8C1CC86F7500C9FC82 = {
						CreatedOnToolsVersion = 7.3;
						DevelopmentTeam = YA5U92PA73;
					};
				};
			};
			buildConfigurationList = D3FCED881CC86F7500C9FC82 /* Build configuration list for PBXProject "网易新闻" */;
			compatibilityVersion = "Xcode 3.2";
			developmentRegion = English;
			hasScannedForEncodings = 0;
			knownRegions = (
				en,
				Base,
			);
			mainGroup = D3FCED841CC86F7500C9FC82;
			productRefGroup = D3FCED8E1CC86F7500C9FC82 /* Products */;
			projectDirPath = "";
			projectRoot = "";
			targets = (
				D3FCED8C1CC86F7500C9FC82 /* 网易新闻 */,
			);
		};
/* End PBXProject section */

/* Begin PBXResourcesBuildPhase section */
		D3FCED8B1CC86F7500C9FC82 /* Resources */ = {
			isa = PBXResourcesBuildPhase;
			buildActionMask = 2147483647;
			files = (
				D3FCEDA01CC86F7500C9FC82 /* LaunchScreen.storyboard in Resources */,
				D3FCED9D1CC86F7500C9FC82 /* Assets.xcassets in Resources */,
				D3FCEDCA1CC8AEE300C9FC82 /* News.storyboard in Resources */,
				D3FCEDB01CC8723B00C9FC82 /* topic_news.json in Resources */,
				D3FCED9B1CC86F7500C9FC82 /* Main.storyboard in Resources */,
			);
			runOnlyForDeploymentPostprocessing = 0;
		};
/* End PBXResourcesBuildPhase section */

/* Begin PBXShellScriptBuildPhase section */
		5D27366FE34E06D434B8C2D3 /* Check Pods Manifest.lock */ = {
			isa = PBXShellScriptBuildPhase;
			buildActionMask = 2147483647;
			files = (
			);
			inputPaths = (
			);
			name = "Check Pods Manifest.lock";
			outputPaths = (
			);
			runOnlyForDeploymentPostprocessing = 0;
			shellPath = /bin/sh;
			shellScript = "diff \"${PODS_ROOT}/../Podfile.lock\" \"${PODS_ROOT}/Manifest.lock\" > /dev/null\nif [[ $? != 0 ]] ; then\n    cat << EOM\nerror: The sandbox is not in sync with the Podfile.lock. Run 'pod install' or update your CocoaPods installation.\nEOM\n    exit 1\nfi\n";
			showEnvVarsInLog = 0;
		};
		6BD6F5F522A1E2A88E5C7252 /* Embed Pods Frameworks */ = {
			isa = PBXShellScriptBuildPhase;
			buildActionMask = 2147483647;
			files = (
			);
			inputPaths = (
			);
			name = "Embed Pods Frameworks";
			outputPaths = (
			);
			runOnlyForDeploymentPostprocessing = 0;
			shellPath = /bin/sh;
			shellScript = "\"${SRCROOT}/Pods/Target Support Files/Pods/Pods-frameworks.sh\"\n";
			showEnvVarsInLog = 0;
		};
		EB710626180142D5C5766ED8 /* Copy Pods Resources */ = {
			isa = PBXShellScriptBuildPhase;
			buildActionMask = 2147483647;
			files = (
			);
			inputPaths = (
			);
			name = "Copy Pods Resources";
			outputPaths = (
			);
			runOnlyForDeploymentPostprocessing = 0;
			shellPath = /bin/sh;
			shellScript = "\"${SRCROOT}/Pods/Target Support Files/Pods/Pods-resources.sh\"\n";
			showEnvVarsInLog = 0;
		};
/* End PBXShellScriptBuildPhase section */

/* Begin PBXSourcesBuildPhase section */
		D3FCED891CC86F7500C9FC82 /* Sources */ = {
			isa = PBXSourcesBuildPhase;
			buildActionMask = 2147483647;
			files = (
				D3FCEDD41CC8BB8000C9FC82 /* CZNetWorkTool.m in Sources */,
				D3FCEDD71CC8C4AC00C9FC82 /* CZNewsCell.m in Sources */,
				D3FCEDBA1CC8775600C9FC82 /* NSArray+Log.m in Sources */,
				D3E236D61CC9BEE5004D85A4 /* CZCycleCollectionViewCell.m in Sources */,
				D3E236D31CC9B8C6004D85A4 /* CZCycles.m in Sources */,
				D3FCEDCD1CC8AF1500C9FC82 /* CZNewsTableViewController.m in Sources */,
				D3FCEDBD1CC87BD100C9FC82 /* CZChannelLabel.m in Sources */,
				D3FCEDC41CC881E700C9FC82 /* CZContentCell.m in Sources */,
				D3FCED951CC86F7500C9FC82 /* AppDelegate.m in Sources */,
				D3FCEDD01CC8B4F600C9FC82 /* CZNews.m in Sources */,
				D3FCEDC11CC87C9E00C9FC82 /* UIView+Frame.m in Sources */,
				D3FCEDAE1CC8706000C9FC82 /* CZHomeViewContrller.m in Sources */,
				D3FCEDB61CC8737C00C9FC82 /* CZChannelModle.m in Sources */,
				D3FCED921CC86F7500C9FC82 /* main.m in Sources */,
				D3E236D01CC9B894004D85A4 /* CZCycleCollectionViewController.m in Sources */,
			);
			runOnlyForDeploymentPostprocessing = 0;
		};
/* End PBXSourcesBuildPhase section */

/* Begin PBXVariantGroup section */
		D3FCED991CC86F7500C9FC82 /* Main.storyboard */ = {
			isa = PBXVariantGroup;
			children = (
				D3FCED9A1CC86F7500C9FC82 /* Base */,
			);
			name = Main.storyboard;
			sourceTree = "<group>";
		};
		D3FCED9E1CC86F7500C9FC82 /* LaunchScreen.storyboard */ = {
			isa = PBXVariantGroup;
			children = (
				D3FCED9F1CC86F7500C9FC82 /* Base */,
			);
			name = LaunchScreen.storyboard;
			sourceTree = "<group>";
		};
/* End PBXVariantGroup section */

/* Begin XCBuildConfiguration section */
		D3FCEDA21CC86F7500C9FC82 /* Debug */ = {
			isa = XCBuildConfiguration;
			buildSettings = {
				ALWAYS_SEARCH_USER_PATHS = NO;
				CLANG_ANALYZER_NONNULL = YES;
				CLANG_CXX_LANGUAGE_STANDARD = "gnu++0x";
				CLANG_CXX_LIBRARY = "libc++";
				CLANG_ENABLE_MODULES = YES;
				CLANG_ENABLE_OBJC_ARC = YES;
				CLANG_WARN_BOOL_CONVERSION = YES;
				CLANG_WARN_CONSTANT_CONVERSION = YES;
				CLANG_WARN_DIRECT_OBJC_ISA_USAGE = YES_ERROR;
				CLANG_WARN_EMPTY_BODY = YES;
				CLANG_WARN_ENUM_CONVERSION = YES;
				CLANG_WARN_INT_CONVERSION = YES;
				CLANG_WARN_OBJC_ROOT_CLASS = YES_ERROR;
				CLANG_WARN_UNREACHABLE_CODE = YES;
				CLANG_WARN__DUPLICATE_METHOD_MATCH = YES;
				"CODE_SIGN_IDENTITY[sdk=iphoneos*]" = "iPhone Developer";
				COPY_PHASE_STRIP = NO;
				DEBUG_INFORMATION_FORMAT = dwarf;
				ENABLE_STRICT_OBJC_MSGSEND = YES;
				ENABLE_TESTABILITY = YES;
				GCC_C_LANGUAGE_STANDARD = gnu99;
				GCC_DYNAMIC_NO_PIC = NO;
				GCC_NO_COMMON_BLOCKS = YES;
				GCC_OPTIMIZATION_LEVEL = 0;
				GCC_PREPROCESSOR_DEFINITIONS = (
					"DEBUG=1",
					"$(inherited)",
				);
				GCC_WARN_64_TO_32_BIT_CONVERSION = YES;
				GCC_WARN_ABOUT_RETURN_TYPE = YES_ERROR;
				GCC_WARN_UNDECLARED_SELECTOR = YES;
				GCC_WARN_UNINITIALIZED_AUTOS = YES_AGGRESSIVE;
				GCC_WARN_UNUSED_FUNCTION = YES;
				GCC_WARN_UNUSED_VARIABLE = YES;
				IPHONEOS_DEPLOYMENT_TARGET = 9.3;
				MTL_ENABLE_DEBUG_INFO = YES;
				ONLY_ACTIVE_ARCH = YES;
				SDKROOT = iphoneos;
			};
			name = Debug;
		};
		D3FCEDA31CC86F7500C9FC82 /* Release */ = {
			isa = XCBuildConfiguration;
			buildSettings = {
				ALWAYS_SEARCH_USER_PATHS = NO;
				CLANG_ANALYZER_NONNULL = YES;
				CLANG_CXX_LANGUAGE_STANDARD = "gnu++0x";
				CLANG_CXX_LIBRARY = "libc++";
				CLANG_ENABLE_MODULES = YES;
				CLANG_ENABLE_OBJC_ARC = YES;
				CLANG_WARN_BOOL_CONVERSION = YES;
				CLANG_WARN_CONSTANT_CONVERSION = YES;
				CLANG_WARN_DIRECT_OBJC_ISA_USAGE = YES_ERROR;
				CLANG_WARN_EMPTY_BODY = YES;
				CLANG_WARN_ENUM_CONVERSION = YES;
				CLANG_WARN_INT_CONVERSION = YES;
				CLANG_WARN_OBJC_ROOT_CLASS = YES_ERROR;
				CLANG_WARN_UNREACHABLE_CODE = YES;
				CLANG_WARN__DUPLICATE_METHOD_MATCH = YES;
				"CODE_SIGN_IDENTITY[sdk=iphoneos*]" = "iPhone Developer";
				COPY_PHASE_STRIP = NO;
				DEBUG_INFORMATION_FORMAT = "dwarf-with-dsym";
				ENABLE_NS_ASSERTIONS = NO;
				ENABLE_STRICT_OBJC_MSGSEND = YES;
				GCC_C_LANGUAGE_STANDARD = gnu99;
				GCC_NO_COMMON_BLOCKS = YES;
				GCC_WARN_64_TO_32_BIT_CONVERSION = YES;
				GCC_WARN_ABOUT_RETURN_TYPE = YES_ERROR;
				GCC_WARN_UNDECLARED_SELECTOR = YES;
				GCC_WARN_UNINITIALIZED_AUTOS = YES_AGGRESSIVE;
				GCC_WARN_UNUSED_FUNCTION = YES;
				GCC_WARN_UNUSED_VARIABLE = YES;
				IPHONEOS_DEPLOYMENT_TARGET = 9.3;
				MTL_ENABLE_DEBUG_INFO = NO;
				SDKROOT = iphoneos;
				VALIDATE_PRODUCT = YES;
			};
			name = Release;
		};
		D3FCEDA51CC86F7500C9FC82 /* Debug */ = {
			isa = XCBuildConfiguration;
			baseConfigurationReference = 32EA31A863AD909298D42A70 /* Pods.debug.xcconfig */;
			buildSettings = {
				ASSETCATALOG_COMPILER_APPICON_NAME = AppIcon;
				INFOPLIST_FILE = "网易新闻/Info.plist";
				LD_RUNPATH_SEARCH_PATHS = "$(inherited) @executable_path/Frameworks";
				PRODUCT_BUNDLE_IDENTIFIER = "cn.itcast.ios.----";
				PRODUCT_NAME = "$(TARGET_NAME)";
			};
			name = Debug;
		};
		D3FCEDA61CC86F7500C9FC82 /* Release */ = {
			isa = XCBuildConfiguration;
			baseConfigurationReference = CF0BC4ACDBA482EAE318756F /* Pods.release.xcconfig */;
			buildSettings = {
				ASSETCATALOG_COMPILER_APPICON_NAME = AppIcon;
				INFOPLIST_FILE = "网易新闻/Info.plist";
				LD_RUNPATH_SEARCH_PATHS = "$(inherited) @executable_path/Frameworks";
				PRODUCT_BUNDLE_IDENTIFIER = "cn.itcast.ios.----";
				PRODUCT_NAME = "$(TARGET_NAME)";
			};
			name = Release;
		};
/* End XCBuildConfiguration section */

/* Begin XCConfigurationList section */
		D3FCED881CC86F7500C9FC82 /* Build configuration list for PBXProject "网易新闻" */ = {
			isa = XCConfigurationList;
			buildConfigurations = (
				D3FCEDA21CC86F7500C9FC82 /* Debug */,
				D3FCEDA31CC86F7500C9FC82 /* Release */,
			);
			defaultConfigurationIsVisible = 0;
			defaultConfigurationName = Release;
		};
		D3FCEDA41CC86F7500C9FC82 /* Build configuration list for PBXNativeTarget "网易新闻" */ = {
			isa = XCConfigurationList;
			buildConfigurations = (
				D3FCEDA51CC86F7500C9FC82 /* Debug */,
				D3FCEDA61CC86F7500C9FC82 /* Release */,
			);
			defaultConfigurationIsVisible = 0;
			defaultConfigurationName = Release;
		};
/* End XCConfigurationList section */
	};
	rootObject = D3FCED851CC86F7500C9FC82 /* Project object */;
}
